
Microsoft Visual Studio Solution File, Format Version 12.00
# TcXaeShell Solution File, Format Version 11.00
VisualStudioVersion = 15.0.33403.129
MinimumVisualStudioVersion = 10.0.40219.1
Project("{B1E792BE-AA5F-4E3C-8C82-674BF9C0715B}") = "TwinCAT Project5", "TwinCAT Project5.tsproj", "{BAD9421F-110F-43B9-BECF-B36E3E750078}"
EndProject
Project("{BACAAE27-5D5D-4513-97FF-0FED82FEF961}") = "Empty TwinCAT Database Server Project4", "..\Empty TwinCAT Database Server Project4\Empty TwinCAT Database Server Project4.tcconnproj", "{13A73881-AE5D-49A4-A750-D41815F17081}"
EndProject
Global
	GlobalSection(SolutionConfigurationPlatforms) = preSolution
		Debug|TwinCAT CE7 (ARMV7) = Debug|TwinCAT CE7 (ARMV7)
		Debug|TwinCAT OS (ARMT2) = Debug|TwinCAT OS (ARMT2)
		Debug|TwinCAT RT (x64) = Debug|TwinCAT RT (x64)
		Debug|TwinCAT RT (x86) = Debug|TwinCAT RT (x86)
		Release|TwinCAT CE7 (ARMV7) = Release|TwinCAT CE7 (ARMV7)
		Release|TwinCAT OS (ARMT2) = Release|TwinCAT OS (ARMT2)
		Release|TwinCAT RT (x64) = Release|TwinCAT RT (x64)
		Release|TwinCAT RT (x86) = Release|TwinCAT RT (x86)
	EndGlobalSection
	GlobalSection(ProjectConfigurationPlatforms) = postSolution
		{BAD9421F-110F-43B9-BECF-B36E3E750078}.Debug|TwinCAT CE7 (ARMV7).ActiveCfg = Debug|TwinCAT CE7 (ARMV7)
		{BAD9421F-110F-43B9-BECF-B36E3E750078}.Debug|TwinCAT CE7 (ARMV7).Build.0 = Debug|TwinCAT CE7 (ARMV7)
		{BAD9421F-110F-43B9-BECF-B36E3E750078}.Debug|TwinCAT OS (ARMT2).ActiveCfg = Debug|TwinCAT OS (ARMT2)
		{BAD9421F-110F-43B9-BECF-B36E3E750078}.Debug|TwinCAT OS (ARMT2).Build.0 = Debug|TwinCAT OS (ARMT2)
		{BAD9421F-110F-43B9-BECF-B36E3E750078}.Debug|TwinCAT RT (x64).ActiveCfg = Debug|TwinCAT RT (x64)
		{BAD9421F-110F-43B9-BECF-B36E3E750078}.Debug|TwinCAT RT (x64).Build.0 = Debug|TwinCAT RT (x64)
		{BAD9421F-110F-43B9-BECF-B36E3E750078}.Debug|TwinCAT RT (x86).ActiveCfg = Debug|TwinCAT RT (x86)
		{BAD9421F-110F-43B9-BECF-B36E3E750078}.Debug|TwinCAT RT (x86).Build.0 = Debug|TwinCAT RT (x86)
		{BAD9421F-110F-43B9-BECF-B36E3E750078}.Release|TwinCAT CE7 (ARMV7).ActiveCfg = Release|TwinCAT CE7 (ARMV7)
		{BAD9421F-110F-43B9-BECF-B36E3E750078}.Release|TwinCAT CE7 (ARMV7).Build.0 = Release|TwinCAT CE7 (ARMV7)
		{BAD9421F-110F-43B9-BECF-B36E3E750078}.Release|TwinCAT OS (ARMT2).ActiveCfg = Release|TwinCAT OS (ARMT2)
		{BAD9421F-110F-43B9-BECF-B36E3E750078}.Release|TwinCAT OS (ARMT2).Build.0 = Release|TwinCAT OS (ARMT2)
		{BAD9421F-110F-43B9-BECF-B36E3E750078}.Release|TwinCAT RT (x64).ActiveCfg = Release|TwinCAT RT (x64)
		{BAD9421F-110F-43B9-BECF-B36E3E750078}.Release|TwinCAT RT (x64).Build.0 = Release|TwinCAT RT (x64)
		{BAD9421F-110F-43B9-BECF-B36E3E750078}.Release|TwinCAT RT (x86).ActiveCfg = Release|TwinCAT RT (x86)
		{BAD9421F-110F-43B9-BECF-B36E3E750078}.Release|TwinCAT RT (x86).Build.0 = Release|TwinCAT RT (x86)
		{13A73881-AE5D-49A4-A750-D41815F17081}.Debug|TwinCAT CE7 (ARMV7).ActiveCfg = Debug|TwinCAT CE7 (ARMV7)
		{13A73881-AE5D-49A4-A750-D41815F17081}.Debug|TwinCAT OS (ARMT2).ActiveCfg = Debug|TwinCAT OS (ARMT2)
		{13A73881-AE5D-49A4-A750-D41815F17081}.Debug|TwinCAT RT (x64).ActiveCfg = Debug|TwinCAT RT (x64)
		{13A73881-AE5D-49A4-A750-D41815F17081}.Debug|TwinCAT RT (x86).ActiveCfg = Debug|TwinCAT RT (x86)
		{13A73881-AE5D-49A4-A750-D41815F17081}.Release|TwinCAT CE7 (ARMV7).ActiveCfg = Release|TwinCAT CE7 (ARMV7)
		{13A73881-AE5D-49A4-A750-D41815F17081}.Release|TwinCAT OS (ARMT2).ActiveCfg = Release|TwinCAT OS (ARMT2)
		{13A73881-AE5D-49A4-A750-D41815F17081}.Release|TwinCAT RT (x64).ActiveCfg = Release|TwinCAT RT (x64)
		{13A73881-AE5D-49A4-A750-D41815F17081}.Release|TwinCAT RT (x86).ActiveCfg = Release|TwinCAT RT (x86)
		{6733759D-5D54-40D4-ADD5-4AFC48FD82DA}.Debug|TwinCAT CE7 (ARMV7).ActiveCfg = Debug|TwinCAT CE7 (ARMV7)
		{6733759D-5D54-40D4-ADD5-4AFC48FD82DA}.Debug|TwinCAT CE7 (ARMV7).Build.0 = Debug|TwinCAT CE7 (ARMV7)
		{6733759D-5D54-40D4-ADD5-4AFC48FD82DA}.Debug|TwinCAT OS (ARMT2).ActiveCfg = Debug|TwinCAT OS (ARMT2)
		{6733759D-5D54-40D4-ADD5-4AFC48FD82DA}.Debug|TwinCAT OS (ARMT2).Build.0 = Debug|TwinCAT OS (ARMT2)
		{6733759D-5D54-40D4-ADD5-4AFC48FD82DA}.Debug|TwinCAT RT (x64).ActiveCfg = Debug|TwinCAT RT (x64)
		{6733759D-5D54-40D4-ADD5-4AFC48FD82DA}.Debug|TwinCAT RT (x64).Build.0 = Debug|TwinCAT RT (x64)
		{6733759D-5D54-40D4-ADD5-4AFC48FD82DA}.Debug|TwinCAT RT (x86).ActiveCfg = Debug|TwinCAT RT (x86)
		{6733759D-5D54-40D4-ADD5-4AFC48FD82DA}.Debug|TwinCAT RT (x86).Build.0 = Debug|TwinCAT RT (x86)
		{6733759D-5D54-40D4-ADD5-4AFC48FD82DA}.Release|TwinCAT CE7 (ARMV7).ActiveCfg = Release|TwinCAT CE7 (ARMV7)
		{6733759D-5D54-40D4-ADD5-4AFC48FD82DA}.Release|TwinCAT CE7 (ARMV7).Build.0 = Release|TwinCAT CE7 (ARMV7)
		{6733759D-5D54-40D4-ADD5-4AFC48FD82DA}.Release|TwinCAT OS (ARMT2).ActiveCfg = Release|TwinCAT OS (ARMT2)
		{6733759D-5D54-40D4-ADD5-4AFC48FD82DA}.Release|TwinCAT OS (ARMT2).Build.0 = Release|TwinCAT OS (ARMT2)
		{6733759D-5D54-40D4-ADD5-4AFC48FD82DA}.Release|TwinCAT RT (x64).ActiveCfg = Release|TwinCAT RT (x64)
		{6733759D-5D54-40D4-ADD5-4AFC48FD82DA}.Release|TwinCAT RT (x64).Build.0 = Release|TwinCAT RT (x64)
		{6733759D-5D54-40D4-ADD5-4AFC48FD82DA}.Release|TwinCAT RT (x86).ActiveCfg = Release|TwinCAT RT (x86)
		{6733759D-5D54-40D4-ADD5-4AFC48FD82DA}.Release|TwinCAT RT (x86).Build.0 = Release|TwinCAT RT (x86)
	EndGlobalSection
	GlobalSection(SolutionProperties) = preSolution
		HideSolutionNode = FALSE
	EndGlobalSection
	GlobalSection(ExtensibilityGlobals) = postSolution
		SolutionGuid = {D8C7C80D-FF69-4737-B377-DFCB982C78DE}
	EndGlobalSection
EndGlobal
